{
  "nodes": {
    "fastbuild": {
      "flake": false,
      "locked": {
        "lastModified": 1764411068,
        "narHash": "sha256-P8dcnowdWYJs/LHWigTDpqfBIUIiYmyxfDJDuZFJjZA=",
        "type": "tarball",
        "url": "https://fastbuild.org/downloads/v1.18/FASTBuild-Linux-x64-v1.18.zip"
      },
      "original": {
        "type": "tarball",
        "url": "https://fastbuild.org/downloads/v1.18/FASTBuild-Linux-x64-v1.18.zip"
      }
    },
    "nixpkgs": {
      "locked": {
        "lastModified": 1765779637,
        "narHash": "sha256-KJ2wa/BLSrTqDjbfyNx70ov/HdgNBCBBSQP3BIzKnv4=",
        "owner": "nixos",
        "repo": "nixpkgs",
        "rev": "1306659b587dc277866c7b69eb97e5f07864d8c4",
        "type": "github"
      },
      "original": {
        "owner": "nixos",
        "ref": "nixos-unstable",
        "repo": "nixpkgs",
        "type": "github"
      }
    },
    "root": {
      "inputs": {
        "fastbuild": "fastbuild",
        "nixpkgs": "nixpkgs"
      }
    }
  },
  "root": "root",
  "version": 7
}
