{
  "nodes": {
    "fastbuild-bin-overlay": {
      "locked": {
        "lastModified": 1766628822,
        "narHash": "sha256-4BYLxaklnR6mP6nOsIYFYI/pNqzfXJ5E8TqxoGR0Y1o=",
        "owner": "nathanday98",
        "repo": "fastbuild-bin-overlay",
        "rev": "f2fb788ca0bb59d148c812e9685268599c8acf92",
        "type": "github"
      },
      "original": {
        "owner": "nathanday98",
        "repo": "fastbuild-bin-overlay",
        "type": "github"
      }
    },
    "nixpkgs": {
      "locked": {
        "lastModified": 1765779637,
        "narHash": "sha256-KJ2wa/BLSrTqDjbfyNx70ov/HdgNBCBBSQP3BIzKnv4=",
        "owner": "nixos",
        "repo": "nixpkgs",
        "rev": "1306659b587dc277866c7b69eb97e5f07864d8c4",
        "type": "github"
      },
      "original": {
        "owner": "nixos",
        "ref": "nixos-unstable",
        "repo": "nixpkgs",
        "type": "github"
      }
    },
    "root": {
      "inputs": {
        "fastbuild-bin-overlay": "fastbuild-bin-overlay",
        "nixpkgs": "nixpkgs"
      }
    }
  },
  "root": "root",
  "version": 7
}
